github.com/go-sql-driver/mysql v1.5.0 h1:ozyZYNQW3x3HtqT1jira07DN2PArx2v7/mN66gGcHOs=
github.com/go-sql-driver/mysql v1.5.0/go.mod h1:DCzpHaOWr8IXmIStZouvnhqoel9Qv2LBy8hT2VhHyBg=
github.com/mox692/sushita_serve v0.0.0-20200928083524-a52d2dc96f1e h1:hA65/F5pDhki83YckQoo/nBGWgHs27kslVruBAwuSec=
github.com/mox692/sushita_serve v0.0.0-20200928083524-a52d2dc96f1e/go.mod h1:puSlq2BeG6+aNWcF/TtvdnwmiJ10eyPBM7n/c8bQQTs=
